
Microsoft Visual Studio Solution File, Format Version 12.00
# Visual Studio Version 17
VisualStudioVersion = 17.6.33829.357
MinimumVisualStudioVersion = 10.0.40219.1
Project("{FAE04EC0-301F-11D3-BF4B-00C04F79EFBC}") = "ACM.BL", "ACM.BL\ACM.BL.csproj", "{ABC34BE8-2C08-436E-9593-AE9CE1AC2290}"
EndProject
Project("{2150E333-8FDC-42A3-9474-1A3956D46DE8}") = "Tests", "Tests", "{E7DE434D-8465-47B3-B36A-CC9DE3D8A9D5}"
EndProject
Project("{FAE04EC0-301F-11D3-BF4B-00C04F79EFBC}") = "ACM.BLTest", "Tests\ACM.BLTest\ACM.BLTest.csproj", "{2264E717-DC08-4262-AC20-FEBCB42D7E26}"
EndProject
Global
	GlobalSection(SolutionConfigurationPlatforms) = preSolution
		Debug|Any CPU = Debug|Any CPU
		Release|Any CPU = Release|Any CPU
	EndGlobalSection
	GlobalSection(ProjectConfigurationPlatforms) = postSolution
		{ABC34BE8-2C08-436E-9593-AE9CE1AC2290}.Debug|Any CPU.ActiveCfg = Debug|Any CPU
		{ABC34BE8-2C08-436E-9593-AE9CE1AC2290}.Debug|Any CPU.Build.0 = Debug|Any CPU
		{ABC34BE8-2C08-436E-9593-AE9CE1AC2290}.Release|Any CPU.ActiveCfg = Release|Any CPU
		{ABC34BE8-2C08-436E-9593-AE9CE1AC2290}.Release|Any CPU.Build.0 = Release|Any CPU
		{2264E717-DC08-4262-AC20-FEBCB42D7E26}.Debug|Any CPU.ActiveCfg = Debug|Any CPU
		{2264E717-DC08-4262-AC20-FEBCB42D7E26}.Debug|Any CPU.Build.0 = Debug|Any CPU
		{2264E717-DC08-4262-AC20-FEBCB42D7E26}.Release|Any CPU.ActiveCfg = Release|Any CPU
		{2264E717-DC08-4262-AC20-FEBCB42D7E26}.Release|Any CPU.Build.0 = Release|Any CPU
	EndGlobalSection
	GlobalSection(SolutionProperties) = preSolution
		HideSolutionNode = FALSE
	EndGlobalSection
	GlobalSection(NestedProjects) = preSolution
		{2264E717-DC08-4262-AC20-FEBCB42D7E26} = {E7DE434D-8465-47B3-B36A-CC9DE3D8A9D5}
	EndGlobalSection
	GlobalSection(ExtensibilityGlobals) = postSolution
		SolutionGuid = {F528B5FE-507F-4095-8F8F-0AA90FB419EF}
	EndGlobalSection
EndGlobal
