
Microsoft Visual Studio Solution File, Format Version 12.00
# Visual Studio Version 17
VisualStudioVersion = 17.7.34009.444
MinimumVisualStudioVersion = 10.0.40219.1
Project("{FAE04EC0-301F-11D3-BF4B-00C04F79EFBC}") = "MySampleDapper", "MySampleDapper\MySampleDapper.csproj", "{330E5BF1-2420-460D-98F1-EADC88D0C7D8}"
EndProject
Global
	GlobalSection(SolutionConfigurationPlatforms) = preSolution
		Debug|Any CPU = Debug|Any CPU
		Release|Any CPU = Release|Any CPU
	EndGlobalSection
	GlobalSection(ProjectConfigurationPlatforms) = postSolution
		{330E5BF1-2420-460D-98F1-EADC88D0C7D8}.Debug|Any CPU.ActiveCfg = Debug|Any CPU
		{330E5BF1-2420-460D-98F1-EADC88D0C7D8}.Debug|Any CPU.Build.0 = Debug|Any CPU
		{330E5BF1-2420-460D-98F1-EADC88D0C7D8}.Release|Any CPU.ActiveCfg = Release|Any CPU
		{330E5BF1-2420-460D-98F1-EADC88D0C7D8}.Release|Any CPU.Build.0 = Release|Any CPU
	EndGlobalSection
	GlobalSection(SolutionProperties) = preSolution
		HideSolutionNode = FALSE
	EndGlobalSection
	GlobalSection(ExtensibilityGlobals) = postSolution
		SolutionGuid = {85FF4BFC-2D7D-4E45-8496-F40DB21084BA}
	EndGlobalSection
EndGlobal
